// !$*UTF8*$!
{
	archiveVersion = 1;
	classes = {
	};
	objectVersion = 52;
	objects = {

/* Begin PBXBuildFile section */
		5F0F146024F033B2009F6DC4 /* AddNoteViewController.swift in Sources */ = {isa = PBXBuildFile; fileRef = 5F0F145F24F033B2009F6DC4 /* AddNoteViewController.swift */; };
		5F1F52ED24E5E36C00E9C625 /* AppDelegate.swift in Sources */ = {isa = PBXBuildFile; fileRef = 5F1F52EC24E5E36C00E9C625 /* AppDelegate.swift */; };
		5F1F52EF24E5E36C00E9C625 /* SceneDelegate.swift in Sources */ = {isa = PBXBuildFile; fileRef = 5F1F52EE24E5E36C00E9C625 /* SceneDelegate.swift */; };
		5F1F52F124E5E36C00E9C625 /* ViewController.swift in Sources */ = {isa = PBXBuildFile; fileRef = 5F1F52F024E5E36C00E9C625 /* ViewController.swift */; };
		5F1F52F424E5E36D00E9C625 /* Main.storyboard in Resources */ = {isa = PBXBuildFile; fileRef = 5F1F52F224E5E36D00E9C625 /* Main.storyboard */; };
		5F1F52F624E5E3F000E9C625 /* Assets.xcassets in Resources */ = {isa = PBXBuildFile; fileRef = 5F1F52F524E5E3F000E9C625 /* Assets.xcassets */; };
		5F1F52F924E5E3F000E9C625 /* LaunchScreen.storyboard in Resources */ = {isa = PBXBuildFile; fileRef = 5F1F52F724E5E3F000E9C625 /* LaunchScreen.storyboard */; };
		5F93368324E86E6000FABD46 /* Alamofire in Frameworks */ = {isa = PBXBuildFile; productRef = 5F93368224E86E6000FABD46 /* Alamofire */; };
		5F93368524E86F2100FABD46 /* APIFunctions.swift in Sources */ = {isa = PBXBuildFile; fileRef = 5F93368424E86F2100FABD46 /* APIFunctions.swift */; };
/* End PBXBuildFile section */

/* Begin PBXFileReference section */
		5F0F145F24F033B2009F6DC4 /* AddNoteViewController.swift */ = {isa = PBXFileReference; lastKnownFileType = sourcecode.swift; path = AddNoteViewController.swift; sourceTree = "<group>"; };
		5F1F52E924E5E36C00E9C625 /* Note-App.app */ = {isa = PBXFileReference; explicitFileType = wrapper.application; includeInIndex = 0; path = "Note-App.app"; sourceTree = BUILT_PRODUCTS_DIR; };
		5F1F52EC24E5E36C00E9C625 /* AppDelegate.swift */ = {isa = PBXFileReference; lastKnownFileType = sourcecode.swift; path = AppDelegate.swift; sourceTree = "<group>"; };
		5F1F52EE24E5E36C00E9C625 /* SceneDelegate.swift */ = {isa = PBXFileReference; lastKnownFileType = sourcecode.swift; path = SceneDelegate.swift; sourceTree = "<group>"; };
		5F1F52F024E5E36C00E9C625 /* ViewController.swift */ = {isa = PBXFileReference; lastKnownFileType = sourcecode.swift; path = ViewController.swift; sourceTree = "<group>"; };
		5F1F52F324E5E36D00E9C625 /* Base */ = {isa = PBXFileReference; lastKnownFileType = file.storyboard; name = Base; path = Base.lproj/Main.storyboard; sourceTree = "<group>"; };
		5F1F52F524E5E3F000E9C625 /* Assets.xcassets */ = {isa = PBXFileReference; lastKnownFileType = folder.assetcatalog; path = Assets.xcassets; sourceTree = "<group>"; };
		5F1F52F824E5E3F000E9C625 /* Base */ = {isa = PBXFileReference; lastKnownFileType = file.storyboard; name = Base; path = Base.lproj/LaunchScreen.storyboard; sourceTree = "<group>"; };
		5F1F52FA24E5E3F000E9C625 /* Info.plist */ = {isa = PBXFileReference; lastKnownFileType = text.plist.xml; path = Info.plist; sourceTree = "<group>"; };
		5F93368424E86F2100FABD46 /* APIFunctions.swift */ = {isa = PBXFileReference; lastKnownFileType = sourcecode.swift; path = APIFunctions.swift; sourceTree = "<group>"; };
/* End PBXFileReference section */

/* Begin PBXFrameworksBuildPhase section */
		5F1F52E624E5E36B00E9C625 /* Frameworks */ = {
			isa = PBXFrameworksBuildPhase;
			buildActionMask = 2147483647;
			files = (
				5F93368324E86E6000FABD46 /* Alamofire in Frameworks */,
			);
			runOnlyForDeploymentPostprocessing = 0;
		};
/* End PBXFrameworksBuildPhase section */

/* Begin PBXGroup section */
		5F1F52E024E5E36B00E9C625 = {
			isa = PBXGroup;
			children = (
				5F1F52EB24E5E36C00E9C625 /* Note-App */,
				5F1F52EA24E5E36C00E9C625 /* Products */,
			);
			sourceTree = "<group>";
		};
		5F1F52EA24E5E36C00E9C625 /* Products */ = {
			isa = PBXGroup;
			children = (
				5F1F52E924E5E36C00E9C625 /* Note-App.app */,
			);
			name = Products;
			sourceTree = "<group>";
		};
		5F1F52EB24E5E36C00E9C625 /* Note-App */ = {
			isa = PBXGroup;
			children = (
				5F1F52EC24E5E36C00E9C625 /* AppDelegate.swift */,
				5F1F52EE24E5E36C00E9C625 /* SceneDelegate.swift */,
				5F1F52F024E5E36C00E9C625 /* ViewController.swift */,
				5F1F52F224E5E36D00E9C625 /* Main.storyboard */,
				5F1F52F524E5E3F000E9C625 /* Assets.xcassets */,
				5F1F52F724E5E3F000E9C625 /* LaunchScreen.storyboard */,
				5F1F52FA24E5E3F000E9C625 /* Info.plist */,
				5F93368424E86F2100FABD46 /* APIFunctions.swift */,
				5F0F145F24F033B2009F6DC4 /* AddNoteViewController.swift */,
			);
			path = "Note-App";
			sourceTree = "<group>";
		};
/* End PBXGroup section */

/* Begin PBXNativeTarget section */
		5F1F52E824E5E36B00E9C625 /* Note-App */ = {
			isa = PBXNativeTarget;
			buildConfigurationList = 5F1F52FD24E5E3F000E9C625 /* Build configuration list for PBXNativeTarget "Note-App" */;
			buildPhases = (
				5F1F52E524E5E36B00E9C625 /* Sources */,
				5F1F52E624E5E36B00E9C625 /* Frameworks */,
				5F1F52E724E5E36B00E9C625 /* Resources */,
			);
			buildRules = (
			);
			dependencies = (
			);
			name = "Note-App";
			packageProductDependencies = (
				5F93368224E86E6000FABD46 /* Alamofire */,
			);
			productName = "Note-App";
			productReference = 5F1F52E924E5E36C00E9C625 /* Note-App.app */;
			productType = "com.apple.product-type.application";
		};
/* End PBXNativeTarget section */

/* Begin PBXProject section */
		5F1F52E124E5E36B00E9C625 /* Project object */ = {
			isa = PBXProject;
			attributes = {
				LastSwiftUpdateCheck = 1160;
				LastUpgradeCheck = 1160;
				ORGANIZATIONNAME = "Alexandro Disla";
				TargetAttributes = {
					5F1F52E824E5E36B00E9C625 = {
						CreatedOnToolsVersion = 11.6;
					};
				};
			};
			buildConfigurationList = 5F1F52E424E5E36B00E9C625 /* Build configuration list for PBXProject "Note-App" */;
			compatibilityVersion = "Xcode 9.3";
			developmentRegion = en;
			hasScannedForEncodings = 0;
			knownRegions = (
				en,
				Base,
			);
			mainGroup = 5F1F52E024E5E36B00E9C625;
			packageReferences = (
				5F93368124E86E6000FABD46 /* XCRemoteSwiftPackageReference "Alamofire" */,
			);
			productRefGroup = 5F1F52EA24E5E36C00E9C625 /* Products */;
			projectDirPath = "";
			projectRoot = "";
			targets = (
				5F1F52E824E5E36B00E9C625 /* Note-App */,
			);
		};
/* End PBXProject section */

/* Begin PBXResourcesBuildPhase section */
		5F1F52E724E5E36B00E9C625 /* Resources */ = {
			isa = PBXResourcesBuildPhase;
			buildActionMask = 2147483647;
			files = (
				5F1F52F924E5E3F000E9C625 /* LaunchScreen.storyboard in Resources */,
				5F1F52F624E5E3F000E9C625 /* Assets.xcassets in Resources */,
				5F1F52F424E5E36D00E9C625 /* Main.storyboard in Resources */,
			);
			runOnlyForDeploymentPostprocessing = 0;
		};
/* End PBXResourcesBuildPhase section */

/* Begin PBXSourcesBuildPhase section */
		5F1F52E524E5E36B00E9C625 /* Sources */ = {
			isa = PBXSourcesBuildPhase;
			buildActionMask = 2147483647;
			files = (
				5F93368524E86F2100FABD46 /* APIFunctions.swift in Sources */,
				5F1F52F124E5E36C00E9C625 /* ViewController.swift in Sources */,
				5F1F52ED24E5E36C00E9C625 /* AppDelegate.swift in Sources */,
				5F0F146024F033B2009F6DC4 /* AddNoteViewController.swift in Sources */,
				5F1F52EF24E5E36C00E9C625 /* SceneDelegate.swift in Sources */,
			);
			runOnlyForDeploymentPostprocessing = 0;
		};
/* End PBXSourcesBuildPhase section */

/* Begin PBXVariantGroup section */
		5F1F52F224E5E36D00E9C625 /* Main.storyboard */ = {
			isa = PBXVariantGroup;
			children = (
				5F1F52F324E5E36D00E9C625 /* Base */,
			);
			name = Main.storyboard;
			sourceTree = "<group>";
		};
		5F1F52F724E5E3F000E9C625 /* LaunchScreen.storyboard */ = {
			isa = PBXVariantGroup;
			children = (
				5F1F52F824E5E3F000E9C625 /* Base */,
			);
			name = LaunchScreen.storyboard;
			sourceTree = "<group>";
		};
/* End PBXVariantGroup section */

/* Begin XCBuildConfiguration section */
		5F1F52FB24E5E3F000E9C625 /* Debug */ = {
			isa = XCBuildConfiguration;
			buildSettings = {
				ALWAYS_SEARCH_USER_PATHS = NO;
				CLANG_ANALYZER_NONNULL = YES;
				CLANG_ANALYZER_NUMBER_OBJECT_CONVERSION = YES_AGGRESSIVE;
				CLANG_CXX_LANGUAGE_STANDARD = "gnu++14";
				CLANG_CXX_LIBRARY = "libc++";
				CLANG_ENABLE_MODULES = YES;
				CLANG_ENABLE_OBJC_ARC = YES;
				CLANG_ENABLE_OBJC_WEAK = YES;
				CLANG_WARN_BLOCK_CAPTURE_AUTORELEASING = YES;
				CLANG_WARN_BOOL_CONVERSION = YES;
				CLANG_WARN_COMMA = YES;
				CLANG_WARN_CONSTANT_CONVERSION = YES;
				CLANG_WARN_DEPRECATED_OBJC_IMPLEMENTATIONS = YES;
				CLANG_WARN_DIRECT_OBJC_ISA_USAGE = YES_ERROR;
				CLANG_WARN_DOCUMENTATION_COMMENTS = YES;
				CLANG_WARN_EMPTY_BODY = YES;
				CLANG_WARN_ENUM_CONVERSION = YES;
				CLANG_WARN_INFINITE_RECURSION = YES;
				CLANG_WARN_INT_CONVERSION = YES;
				CLANG_WARN_NON_LITERAL_NULL_CONVERSION = YES;
				CLANG_WARN_OBJC_IMPLICIT_RETAIN_SELF = YES;
				CLANG_WARN_OBJC_LITERAL_CONVERSION = YES;
				CLANG_WARN_OBJC_ROOT_CLASS = YES_ERROR;
				CLANG_WARN_RANGE_LOOP_ANALYSIS = YES;
				CLANG_WARN_STRICT_PROTOTYPES = YES;
				CLANG_WARN_SUSPICIOUS_MOVE = YES;
				CLANG_WARN_UNGUARDED_AVAILABILITY = YES_AGGRESSIVE;
				CLANG_WARN_UNREACHABLE_CODE = YES;
				CLANG_WARN__DUPLICATE_METHOD_MATCH = YES;
				COPY_PHASE_STRIP = NO;
				DEBUG_INFORMATION_FORMAT = dwarf;
				ENABLE_STRICT_OBJC_MSGSEND = YES;
				ENABLE_TESTABILITY = YES;
				GCC_C_LANGUAGE_STANDARD = gnu11;
				GCC_DYNAMIC_NO_PIC = NO;
				GCC_NO_COMMON_BLOCKS = YES;
				GCC_OPTIMIZATION_LEVEL = 0;
				GCC_PREPROCESSOR_DEFINITIONS = (
					"DEBUG=1",
					"$(inherited)",
				);
				GCC_WARN_64_TO_32_BIT_CONVERSION = YES;
				GCC_WARN_ABOUT_RETURN_TYPE = YES_ERROR;
				GCC_WARN_UNDECLARED_SELECTOR = YES;
				GCC_WARN_UNINITIALIZED_AUTOS = YES_AGGRESSIVE;
				GCC_WARN_UNUSED_FUNCTION = YES;
				GCC_WARN_UNUSED_VARIABLE = YES;
				IPHONEOS_DEPLOYMENT_TARGET = 13.6;
				MTL_ENABLE_DEBUG_INFO = INCLUDE_SOURCE;
				MTL_FAST_MATH = YES;
				ONLY_ACTIVE_ARCH = YES;
				SDKROOT = iphoneos;
				SWIFT_ACTIVE_COMPILATION_CONDITIONS = DEBUG;
				SWIFT_OPTIMIZATION_LEVEL = "-Onone";
			};
			name = Debug;
		};
		5F1F52FC24E5E3F000E9C625 /* Release */ = {
			isa = XCBuildConfiguration;
			buildSettings = {
				ALWAYS_SEARCH_USER_PATHS = NO;
				CLANG_ANALYZER_NONNULL = YES;
				CLANG_ANALYZER_NUMBER_OBJECT_CONVERSION = YES_AGGRESSIVE;
				CLANG_CXX_LANGUAGE_STANDARD = "gnu++14";
				CLANG_CXX_LIBRARY = "libc++";
				CLANG_ENABLE_MODULES = YES;
				CLANG_ENABLE_OBJC_ARC = YES;
				CLANG_ENABLE_OBJC_WEAK = YES;
				CLANG_WARN_BLOCK_CAPTURE_AUTORELEASING = YES;
				CLANG_WARN_BOOL_CONVERSION = YES;
				CLANG_WARN_COMMA = YES;
				CLANG_WARN_CONSTANT_CONVERSION = YES;
				CLANG_WARN_DEPRECATED_OBJC_IMPLEMENTATIONS = YES;
				CLANG_WARN_DIRECT_OBJC_ISA_USAGE = YES_ERROR;
				CLANG_WARN_DOCUMENTATION_COMMENTS = YES;
				CLANG_WARN_EMPTY_BODY = YES;
				CLANG_WARN_ENUM_CONVERSION = YES;
				CLANG_WARN_INFINITE_RECURSION = YES;
				CLANG_WARN_INT_CONVERSION = YES;
				CLANG_WARN_NON_LITERAL_NULL_CONVERSION = YES;
				CLANG_WARN_OBJC_IMPLICIT_RETAIN_SELF = YES;
				CLANG_WARN_OBJC_LITERAL_CONVERSION = YES;
				CLANG_WARN_OBJC_ROOT_CLASS = YES_ERROR;
				CLANG_WARN_RANGE_LOOP_ANALYSIS = YES;
				CLANG_WARN_STRICT_PROTOTYPES = YES;
				CLANG_WARN_SUSPICIOUS_MOVE = YES;
				CLANG_WARN_UNGUARDED_AVAILABILITY = YES_AGGRESSIVE;
				CLANG_WARN_UNREACHABLE_CODE = YES;
				CLANG_WARN__DUPLICATE_METHOD_MATCH = YES;
				COPY_PHASE_STRIP = NO;
				DEBUG_INFORMATION_FORMAT = "dwarf-with-dsym";
				ENABLE_NS_ASSERTIONS = NO;
				ENABLE_STRICT_OBJC_MSGSEND = YES;
				GCC_C_LANGUAGE_STANDARD = gnu11;
				GCC_NO_COMMON_BLOCKS = YES;
				GCC_WARN_64_TO_32_BIT_CONVERSION = YES;
				GCC_WARN_ABOUT_RETURN_TYPE = YES_ERROR;
				GCC_WARN_UNDECLARED_SELECTOR = YES;
				GCC_WARN_UNINITIALIZED_AUTOS = YES_AGGRESSIVE;
				GCC_WARN_UNUSED_FUNCTION = YES;
				GCC_WARN_UNUSED_VARIABLE = YES;
				IPHONEOS_DEPLOYMENT_TARGET = 13.6;
				MTL_ENABLE_DEBUG_INFO = NO;
				MTL_FAST_MATH = YES;
				SDKROOT = iphoneos;
				SWIFT_COMPILATION_MODE = wholemodule;
				SWIFT_OPTIMIZATION_LEVEL = "-O";
				VALIDATE_PRODUCT = YES;
			};
			name = Release;
		};
		5F1F52FE24E5E3F000E9C625 /* Debug */ = {
			isa = XCBuildConfiguration;
			buildSettings = {
				ASSETCATALOG_COMPILER_APPICON_NAME = AppIcon;
				CODE_SIGN_STYLE = Automatic;
				DEVELOPMENT_TEAM = GA42BQCNTD;
				INFOPLIST_FILE = "Note-App/Info.plist";
				LD_RUNPATH_SEARCH_PATHS = (
					"$(inherited)",
					"@executable_path/Frameworks",
				);
				PRODUCT_BUNDLE_IDENTIFIER = "com.Disla.Note-App";
				PRODUCT_NAME = "$(TARGET_NAME)";
				SWIFT_VERSION = 5.0;
				TARGETED_DEVICE_FAMILY = "1,2";
			};
			name = Debug;
		};
		5F1F52FF24E5E3F000E9C625 /* Release */ = {
			isa = XCBuildConfiguration;
			buildSettings = {
				ASSETCATALOG_COMPILER_APPICON_NAME = AppIcon;
				CODE_SIGN_STYLE = Automatic;
				DEVELOPMENT_TEAM = GA42BQCNTD;
				INFOPLIST_FILE = "Note-App/Info.plist";
				LD_RUNPATH_SEARCH_PATHS = (
					"$(inherited)",
					"@executable_path/Frameworks",
				);
				PRODUCT_BUNDLE_IDENTIFIER = "com.Disla.Note-App";
				PRODUCT_NAME = "$(TARGET_NAME)";
				SWIFT_VERSION = 5.0;
				TARGETED_DEVICE_FAMILY = "1,2";
			};
			name = Release;
		};
/* End XCBuildConfiguration section */

/* Begin XCConfigurationList section */
		5F1F52E424E5E36B00E9C625 /* Build configuration list for PBXProject "Note-App" */ = {
			isa = XCConfigurationList;
			buildConfigurations = (
				5F1F52FB24E5E3F000E9C625 /* Debug */,
				5F1F52FC24E5E3F000E9C625 /* Release */,
			);
			defaultConfigurationIsVisible = 0;
			defaultConfigurationName = Release;
		};
		5F1F52FD24E5E3F000E9C625 /* Build configuration list for PBXNativeTarget "Note-App" */ = {
			isa = XCConfigurationList;
			buildConfigurations = (
				5F1F52FE24E5E3F000E9C625 /* Debug */,
				5F1F52FF24E5E3F000E9C625 /* Release */,
			);
			defaultConfigurationIsVisible = 0;
			defaultConfigurationName = Release;
		};
/* End XCConfigurationList section */

/* Begin XCRemoteSwiftPackageReference section */
		5F93368124E86E6000FABD46 /* XCRemoteSwiftPackageReference "Alamofire" */ = {
			isa = XCRemoteSwiftPackageReference;
			repositoryURL = "https://github.com/Alamofire/Alamofire";
			requirement = {
				kind = upToNextMajorVersion;
				minimumVersion = 5.2.2;
			};
		};
/* End XCRemoteSwiftPackageReference section */

/* Begin XCSwiftPackageProductDependency section */
		5F93368224E86E6000FABD46 /* Alamofire */ = {
			isa = XCSwiftPackageProductDependency;
			package = 5F93368124E86E6000FABD46 /* XCRemoteSwiftPackageReference "Alamofire" */;
			productName = Alamofire;
		};
/* End XCSwiftPackageProductDependency section */
	};
	rootObject = 5F1F52E124E5E36B00E9C625 /* Project object */;
}
